{
  "requires": true,
  "lockfileVersion": 1,
  "dependencies": {
    "sweetalert2": {
      "version": "8.6.0",
      "resolved": "https://registry.npmjs.org/sweetalert2/-/sweetalert2-8.6.0.tgz",
      "integrity": "sha512-9nEtFGjQMOnsAghqQthaaYbzLbqVMlF5lVCkgFc0W60EoQm0/lA0pmD23GYu5h4sh8ZNRhrDmUy05WVeonfxUw=="
    }
  }
}
